
Microsoft Visual Studio Solution File, Format Version 12.00
# Visual Studio Version 17
VisualStudioVersion = 17.4.33205.214
MinimumVisualStudioVersion = 10.0.40219.1
Project("{FAE04EC0-301F-11D3-BF4B-00C04F79EFBC}") = "ProgramaGenerico", "ProgramaGenerico\ProgramaGenerico.csproj", "{02567C0E-C0A1-4276-B45D-2A3FA3B0D780}"
EndProject
Global
	GlobalSection(SolutionConfigurationPlatforms) = preSolution
		Debug|Any CPU = Debug|Any CPU
		Release|Any CPU = Release|Any CPU
	EndGlobalSection
	GlobalSection(ProjectConfigurationPlatforms) = postSolution
		{02567C0E-C0A1-4276-B45D-2A3FA3B0D780}.Debug|Any CPU.ActiveCfg = Debug|Any CPU
		{02567C0E-C0A1-4276-B45D-2A3FA3B0D780}.Debug|Any CPU.Build.0 = Debug|Any CPU
		{02567C0E-C0A1-4276-B45D-2A3FA3B0D780}.Release|Any CPU.ActiveCfg = Release|Any CPU
		{02567C0E-C0A1-4276-B45D-2A3FA3B0D780}.Release|Any CPU.Build.0 = Release|Any CPU
	EndGlobalSection
	GlobalSection(SolutionProperties) = preSolution
		HideSolutionNode = FALSE
	EndGlobalSection
	GlobalSection(ExtensibilityGlobals) = postSolution
		SolutionGuid = {F5D4DC40-04AD-4B3A-A8C7-0B7D08C579E3}
	EndGlobalSection
EndGlobal
